<Solution>
  <Project Path="FinancialControl.Communication/FinancialControl.Communication.csproj" />
  <Project Path="FinancialControl.Core/FinancialControl.Core.csproj" />
  <Project Path="FinancialControl.Helpers/FinancialControl.Helpers.csproj" />
  <Project Path="FinancialControl.Infrastructure/FinancialControl.Infrastructure.csproj" />
  <Project Path="FinancialControl.API/FinancialControl.API.csproj" />
</Solution>
